
Microsoft Visual Studio Solution File, Format Version 12.00
# Visual Studio Version 17
VisualStudioVersion = 17.14.36518.9 d17.14
MinimumVisualStudioVersion = 10.0.40219.1
Project("{FAE04EC0-301F-11D3-BF4B-00C04F79EFBC}") = "Charts.Api", "Charts.Api\Charts.Api.csproj", "{4005380B-9D9C-46B4-AD83-766FC04ACB5F}"
EndProject
Project("{FAE04EC0-301F-11D3-BF4B-00C04F79EFBC}") = "Charts.Infrastructure", "Charts.Infrastructure\Charts.Infrastructure.csproj", "{4863EDB3-F52C-42DD-AB37-578A79DA0CA6}"
EndProject
Project("{FAE04EC0-301F-11D3-BF4B-00C04F79EFBC}") = "Charts.Domain", "Charts.Domain\Charts.Domain.csproj", "{B1E99667-74FA-4A80-831C-A20B3AE2AE74}"
EndProject
Project("{FAE04EC0-301F-11D3-BF4B-00C04F79EFBC}") = "Charts.Application", "Charts.Application\Charts.Application.csproj", "{B732AC4B-52BC-426E-86B1-4E714D129CFC}"
EndProject
Project("{FAE04EC0-301F-11D3-BF4B-00C04F79EFBC}") = "Mirax.AvisAcceptanceApp.Share", "Mirax.AvisAcceptanceApp.Share\Mirax.AvisAcceptanceApp.Share.csproj", "{F9173E87-1EBA-4013-A16E-8468753D155D}"
EndProject
Global
	GlobalSection(SolutionConfigurationPlatforms) = preSolution
		Debug|Any CPU = Debug|Any CPU
		Release|Any CPU = Release|Any CPU
	EndGlobalSection
	GlobalSection(ProjectConfigurationPlatforms) = postSolution
		{4005380B-9D9C-46B4-AD83-766FC04ACB5F}.Debug|Any CPU.ActiveCfg = Debug|Any CPU
		{4005380B-9D9C-46B4-AD83-766FC04ACB5F}.Debug|Any CPU.Build.0 = Debug|Any CPU
		{4005380B-9D9C-46B4-AD83-766FC04ACB5F}.Release|Any CPU.ActiveCfg = Release|Any CPU
		{4005380B-9D9C-46B4-AD83-766FC04ACB5F}.Release|Any CPU.Build.0 = Release|Any CPU
		{4863EDB3-F52C-42DD-AB37-578A79DA0CA6}.Debug|Any CPU.ActiveCfg = Debug|Any CPU
		{4863EDB3-F52C-42DD-AB37-578A79DA0CA6}.Debug|Any CPU.Build.0 = Debug|Any CPU
		{4863EDB3-F52C-42DD-AB37-578A79DA0CA6}.Release|Any CPU.ActiveCfg = Release|Any CPU
		{4863EDB3-F52C-42DD-AB37-578A79DA0CA6}.Release|Any CPU.Build.0 = Release|Any CPU
		{B1E99667-74FA-4A80-831C-A20B3AE2AE74}.Debug|Any CPU.ActiveCfg = Debug|Any CPU
		{B1E99667-74FA-4A80-831C-A20B3AE2AE74}.Debug|Any CPU.Build.0 = Debug|Any CPU
		{B1E99667-74FA-4A80-831C-A20B3AE2AE74}.Release|Any CPU.ActiveCfg = Release|Any CPU
		{B1E99667-74FA-4A80-831C-A20B3AE2AE74}.Release|Any CPU.Build.0 = Release|Any CPU
		{B732AC4B-52BC-426E-86B1-4E714D129CFC}.Debug|Any CPU.ActiveCfg = Debug|Any CPU
		{B732AC4B-52BC-426E-86B1-4E714D129CFC}.Debug|Any CPU.Build.0 = Debug|Any CPU
		{B732AC4B-52BC-426E-86B1-4E714D129CFC}.Release|Any CPU.ActiveCfg = Release|Any CPU
		{B732AC4B-52BC-426E-86B1-4E714D129CFC}.Release|Any CPU.Build.0 = Release|Any CPU
		{F9173E87-1EBA-4013-A16E-8468753D155D}.Debug|Any CPU.ActiveCfg = Debug|Any CPU
		{F9173E87-1EBA-4013-A16E-8468753D155D}.Debug|Any CPU.Build.0 = Debug|Any CPU
		{F9173E87-1EBA-4013-A16E-8468753D155D}.Release|Any CPU.ActiveCfg = Release|Any CPU
		{F9173E87-1EBA-4013-A16E-8468753D155D}.Release|Any CPU.Build.0 = Release|Any CPU
	EndGlobalSection
	GlobalSection(SolutionProperties) = preSolution
		HideSolutionNode = FALSE
	EndGlobalSection
	GlobalSection(ExtensibilityGlobals) = postSolution
		SolutionGuid = {35BB3EA2-4A9F-4105-A7D4-009241AAEA0A}
	EndGlobalSection
EndGlobal
